// !$*UTF8*$!
{
	archiveVersion = 1;
	classes = {
	};
	objectVersion = 46;
	objects = {

/* Begin PBXBuildFile section */
		45A6B34B19449A5B00D69F57 /* Storyboard.storyboard in Resources */ = {isa = PBXBuildFile; fileRef = 45A6B34A19449A5B00D69F57 /* Storyboard.storyboard */; };
		45A6B34F19449D8400D69F57 /* NotesTableView.swift in Sources */ = {isa = PBXBuildFile; fileRef = 45A6B34E19449D8400D69F57 /* NotesTableView.swift */; };
		45A6B3561944B83C00D69F57 /* NoteDetailViewController.swift in Sources */ = {isa = PBXBuildFile; fileRef = 45A6B3551944B83C00D69F57 /* NoteDetailViewController.swift */; };
		45CAEC31194CAEAC0024507A /* Note.swift in Sources */ = {isa = PBXBuildFile; fileRef = 45CAEC30194CAEAC0024507A /* Note.swift */; };
		45F57C51194499B200E55543 /* AppDelegate.swift in Sources */ = {isa = PBXBuildFile; fileRef = 45F57C50194499B200E55543 /* AppDelegate.swift */; };
		45F57C53194499B200E55543 /* Images.xcassets in Resources */ = {isa = PBXBuildFile; fileRef = 45F57C52194499B200E55543 /* Images.xcassets */; };
		45F57C5F194499B200E55543 /* notesTests.swift in Sources */ = {isa = PBXBuildFile; fileRef = 45F57C5E194499B200E55543 /* notesTests.swift */; };
/* End PBXBuildFile section */

/* Begin PBXContainerItemProxy section */
		45F57C59194499B200E55543 /* PBXContainerItemProxy */ = {
			isa = PBXContainerItemProxy;
			containerPortal = 45F57C43194499B200E55543 /* Project object */;
			proxyType = 1;
			remoteGlobalIDString = 45F57C4A194499B200E55543;
			remoteInfo = notes;
		};
/* End PBXContainerItemProxy section */

/* Begin PBXFileReference section */
		45A6B34A19449A5B00D69F57 /* Storyboard.storyboard */ = {isa = PBXFileReference; fileEncoding = 4; lastKnownFileType = file.storyboard; path = Storyboard.storyboard; sourceTree = "<group>"; };
		45A6B34E19449D8400D69F57 /* NotesTableView.swift */ = {isa = PBXFileReference; fileEncoding = 4; lastKnownFileType = sourcecode.swift; path = NotesTableView.swift; sourceTree = "<group>"; };
		45A6B3551944B83C00D69F57 /* NoteDetailViewController.swift */ = {isa = PBXFileReference; fileEncoding = 4; lastKnownFileType = sourcecode.swift; path = NoteDetailViewController.swift; sourceTree = "<group>"; };
		45CAEC2F194CAE590024507A /* MyPlayground.playground */ = {isa = PBXFileReference; lastKnownFileType = file.playground; name = MyPlayground.playground; path = ../../../../../Desktop/MyPlayground.playground; sourceTree = "<group>"; };
		45CAEC30194CAEAC0024507A /* Note.swift */ = {isa = PBXFileReference; fileEncoding = 4; lastKnownFileType = sourcecode.swift; path = Note.swift; sourceTree = "<group>"; };
		45F57C4B194499B200E55543 /* notes.app */ = {isa = PBXFileReference; explicitFileType = wrapper.application; includeInIndex = 0; path = notes.app; sourceTree = BUILT_PRODUCTS_DIR; };
		45F57C4F194499B200E55543 /* Info.plist */ = {isa = PBXFileReference; lastKnownFileType = text.plist.xml; path = Info.plist; sourceTree = "<group>"; };
		45F57C50194499B200E55543 /* AppDelegate.swift */ = {isa = PBXFileReference; lastKnownFileType = sourcecode.swift; path = AppDelegate.swift; sourceTree = "<group>"; };
		45F57C52194499B200E55543 /* Images.xcassets */ = {isa = PBXFileReference; lastKnownFileType = folder.assetcatalog; path = Images.xcassets; sourceTree = "<group>"; };
		45F57C58194499B200E55543 /* notesTests.xctest */ = {isa = PBXFileReference; explicitFileType = wrapper.cfbundle; includeInIndex = 0; path = notesTests.xctest; sourceTree = BUILT_PRODUCTS_DIR; };
		45F57C5D194499B200E55543 /* Info.plist */ = {isa = PBXFileReference; lastKnownFileType = text.plist.xml; path = Info.plist; sourceTree = "<group>"; };
		45F57C5E194499B200E55543 /* notesTests.swift */ = {isa = PBXFileReference; lastKnownFileType = sourcecode.swift; path = notesTests.swift; sourceTree = "<group>"; };
/* End PBXFileReference section */

/* Begin PBXFrameworksBuildPhase section */
		45F57C48194499B200E55543 /* Frameworks */ = {
			isa = PBXFrameworksBuildPhase;
			buildActionMask = 2147483647;
			files = (
			);
			runOnlyForDeploymentPostprocessing = 0;
		};
		45F57C55194499B200E55543 /* Frameworks */ = {
			isa = PBXFrameworksBuildPhase;
			buildActionMask = 2147483647;
			files = (
			);
			runOnlyForDeploymentPostprocessing = 0;
		};
/* End PBXFrameworksBuildPhase section */

/* Begin PBXGroup section */
		45F57C42194499B200E55543 = {
			isa = PBXGroup;
			children = (
				45A6B34A19449A5B00D69F57 /* Storyboard.storyboard */,
				45F57C4D194499B200E55543 /* notes */,
				45F57C5B194499B200E55543 /* notesTests */,
				45F57C4C194499B200E55543 /* Products */,
			);
			sourceTree = "<group>";
		};
		45F57C4C194499B200E55543 /* Products */ = {
			isa = PBXGroup;
			children = (
				45F57C4B194499B200E55543 /* notes.app */,
				45F57C58194499B200E55543 /* notesTests.xctest */,
			);
			name = Products;
			sourceTree = "<group>";
		};
		45F57C4D194499B200E55543 /* notes */ = {
			isa = PBXGroup;
			children = (
				45F57C50194499B200E55543 /* AppDelegate.swift */,
				45CAEC2F194CAE590024507A /* MyPlayground.playground */,
				45F57C52194499B200E55543 /* Images.xcassets */,
				45F57C4E194499B200E55543 /* Supporting Files */,
				45A6B34E19449D8400D69F57 /* NotesTableView.swift */,
				45A6B3551944B83C00D69F57 /* NoteDetailViewController.swift */,
				45CAEC30194CAEAC0024507A /* Note.swift */,
			);
			path = notes;
			sourceTree = "<group>";
		};
		45F57C4E194499B200E55543 /* Supporting Files */ = {
			isa = PBXGroup;
			children = (
				45F57C4F194499B200E55543 /* Info.plist */,
			);
			name = "Supporting Files";
			sourceTree = "<group>";
		};
		45F57C5B194499B200E55543 /* notesTests */ = {
			isa = PBXGroup;
			children = (
				45F57C5E194499B200E55543 /* notesTests.swift */,
				45F57C5C194499B200E55543 /* Supporting Files */,
			);
			path = notesTests;
			sourceTree = "<group>";
		};
		45F57C5C194499B200E55543 /* Supporting Files */ = {
			isa = PBXGroup;
			children = (
				45F57C5D194499B200E55543 /* Info.plist */,
			);
			name = "Supporting Files";
			sourceTree = "<group>";
		};
/* End PBXGroup section */

/* Begin PBXNativeTarget section */
		45F57C4A194499B200E55543 /* notes */ = {
			isa = PBXNativeTarget;
			buildConfigurationList = 45F57C62194499B200E55543 /* Build configuration list for PBXNativeTarget "notes" */;
			buildPhases = (
				45F57C47194499B200E55543 /* Sources */,
				45F57C48194499B200E55543 /* Frameworks */,
				45F57C49194499B200E55543 /* Resources */,
			);
			buildRules = (
			);
			dependencies = (
			);
			name = notes;
			productName = notes;
			productReference = 45F57C4B194499B200E55543 /* notes.app */;
			productType = "com.apple.product-type.application";
		};
		45F57C57194499B200E55543 /* notesTests */ = {
			isa = PBXNativeTarget;
			buildConfigurationList = 45F57C65194499B200E55543 /* Build configuration list for PBXNativeTarget "notesTests" */;
			buildPhases = (
				45F57C54194499B200E55543 /* Sources */,
				45F57C55194499B200E55543 /* Frameworks */,
				45F57C56194499B200E55543 /* Resources */,
			);
			buildRules = (
			);
			dependencies = (
				45F57C5A194499B200E55543 /* PBXTargetDependency */,
			);
			name = notesTests;
			productName = notesTests;
			productReference = 45F57C58194499B200E55543 /* notesTests.xctest */;
			productType = "com.apple.product-type.bundle.unit-test";
		};
/* End PBXNativeTarget section */

/* Begin PBXProject section */
		45F57C43194499B200E55543 /* Project object */ = {
			isa = PBXProject;
			attributes = {
				LastUpgradeCheck = 0600;
				ORGANIZATIONNAME = "Dark Bear Interactive";
				TargetAttributes = {
					45F57C4A194499B200E55543 = {
						CreatedOnToolsVersion = 6.0;
					};
					45F57C57194499B200E55543 = {
						CreatedOnToolsVersion = 6.0;
						TestTargetID = 45F57C4A194499B200E55543;
					};
				};
			};
			buildConfigurationList = 45F57C46194499B200E55543 /* Build configuration list for PBXProject "notes" */;
			compatibilityVersion = "Xcode 3.2";
			developmentRegion = English;
			hasScannedForEncodings = 0;
			knownRegions = (
				en,
			);
			mainGroup = 45F57C42194499B200E55543;
			productRefGroup = 45F57C4C194499B200E55543 /* Products */;
			projectDirPath = "";
			projectRoot = "";
			targets = (
				45F57C4A194499B200E55543 /* notes */,
				45F57C57194499B200E55543 /* notesTests */,
			);
		};
/* End PBXProject section */

/* Begin PBXResourcesBuildPhase section */
		45F57C49194499B200E55543 /* Resources */ = {
			isa = PBXResourcesBuildPhase;
			buildActionMask = 2147483647;
			files = (
				45F57C53194499B200E55543 /* Images.xcassets in Resources */,
				45A6B34B19449A5B00D69F57 /* Storyboard.storyboard in Resources */,
			);
			runOnlyForDeploymentPostprocessing = 0;
		};
		45F57C56194499B200E55543 /* Resources */ = {
			isa = PBXResourcesBuildPhase;
			buildActionMask = 2147483647;
			files = (
			);
			runOnlyForDeploymentPostprocessing = 0;
		};
/* End PBXResourcesBuildPhase section */

/* Begin PBXSourcesBuildPhase section */
		45F57C47194499B200E55543 /* Sources */ = {
			isa = PBXSourcesBuildPhase;
			buildActionMask = 2147483647;
			files = (
				45F57C51194499B200E55543 /* AppDelegate.swift in Sources */,
				45A6B34F19449D8400D69F57 /* NotesTableView.swift in Sources */,
				45A6B3561944B83C00D69F57 /* NoteDetailViewController.swift in Sources */,
				45CAEC31194CAEAC0024507A /* Note.swift in Sources */,
			);
			runOnlyForDeploymentPostprocessing = 0;
		};
		45F57C54194499B200E55543 /* Sources */ = {
			isa = PBXSourcesBuildPhase;
			buildActionMask = 2147483647;
			files = (
				45F57C5F194499B200E55543 /* notesTests.swift in Sources */,
			);
			runOnlyForDeploymentPostprocessing = 0;
		};
/* End PBXSourcesBuildPhase section */

/* Begin PBXTargetDependency section */
		45F57C5A194499B200E55543 /* PBXTargetDependency */ = {
			isa = PBXTargetDependency;
			target = 45F57C4A194499B200E55543 /* notes */;
			targetProxy = 45F57C59194499B200E55543 /* PBXContainerItemProxy */;
		};
/* End PBXTargetDependency section */

/* Begin XCBuildConfiguration section */
		45F57C60194499B200E55543 /* Debug */ = {
			isa = XCBuildConfiguration;
			buildSettings = {
				ALWAYS_SEARCH_USER_PATHS = NO;
				CLANG_CXX_LANGUAGE_STANDARD = "gnu++0x";
				CLANG_CXX_LIBRARY = "libc++";
				CLANG_ENABLE_MODULES = YES;
				CLANG_ENABLE_OBJC_ARC = YES;
				CLANG_WARN_BOOL_CONVERSION = YES;
				CLANG_WARN_CONSTANT_CONVERSION = YES;
				CLANG_WARN_DIRECT_OBJC_ISA_USAGE = YES_ERROR;
				CLANG_WARN_EMPTY_BODY = YES;
				CLANG_WARN_ENUM_CONVERSION = YES;
				CLANG_WARN_INT_CONVERSION = YES;
				CLANG_WARN_OBJC_ROOT_CLASS = YES_ERROR;
				CLANG_WARN_UNREACHABLE_CODE = YES;
				CLANG_WARN__DUPLICATE_METHOD_MATCH = YES;
				"CODE_SIGN_IDENTITY[sdk=iphoneos*]" = "iPhone Developer";
				COPY_PHASE_STRIP = NO;
				ENABLE_STRICT_OBJC_MSGSEND = YES;
				GCC_C_LANGUAGE_STANDARD = gnu99;
				GCC_DYNAMIC_NO_PIC = NO;
				GCC_OPTIMIZATION_LEVEL = 0;
				GCC_PREPROCESSOR_DEFINITIONS = (
					"DEBUG=1",
					"$(inherited)",
				);
				GCC_SYMBOLS_PRIVATE_EXTERN = NO;
				GCC_WARN_64_TO_32_BIT_CONVERSION = YES;
				GCC_WARN_ABOUT_RETURN_TYPE = YES_ERROR;
				GCC_WARN_UNDECLARED_SELECTOR = YES;
				GCC_WARN_UNINITIALIZED_AUTOS = YES_AGGRESSIVE;
				GCC_WARN_UNUSED_FUNCTION = YES;
				GCC_WARN_UNUSED_VARIABLE = YES;
				IPHONEOS_DEPLOYMENT_TARGET = 8.0;
				METAL_ENABLE_DEBUG_INFO = YES;
				ONLY_ACTIVE_ARCH = YES;
				SDKROOT = iphoneos;
				SWIFT_OPTIMIZATION_LEVEL = "-Onone";
				TARGETED_DEVICE_FAMILY = "1,2";
			};
			name = Debug;
		};
		45F57C61194499B200E55543 /* Release */ = {
			isa = XCBuildConfiguration;
			buildSettings = {
				ALWAYS_SEARCH_USER_PATHS = NO;
				CLANG_CXX_LANGUAGE_STANDARD = "gnu++0x";
				CLANG_CXX_LIBRARY = "libc++";
				CLANG_ENABLE_MODULES = YES;
				CLANG_ENABLE_OBJC_ARC = YES;
				CLANG_WARN_BOOL_CONVERSION = YES;
				CLANG_WARN_CONSTANT_CONVERSION = YES;
				CLANG_WARN_DIRECT_OBJC_ISA_USAGE = YES_ERROR;
				CLANG_WARN_EMPTY_BODY = YES;
				CLANG_WARN_ENUM_CONVERSION = YES;
				CLANG_WARN_INT_CONVERSION = YES;
				CLANG_WARN_OBJC_ROOT_CLASS = YES_ERROR;
				CLANG_WARN_UNREACHABLE_CODE = YES;
				CLANG_WARN__DUPLICATE_METHOD_MATCH = YES;
				"CODE_SIGN_IDENTITY[sdk=iphoneos*]" = "iPhone Developer";
				COPY_PHASE_STRIP = YES;
				ENABLE_NS_ASSERTIONS = NO;
				ENABLE_STRICT_OBJC_MSGSEND = YES;
				GCC_C_LANGUAGE_STANDARD = gnu99;
				GCC_WARN_64_TO_32_BIT_CONVERSION = YES;
				GCC_WARN_ABOUT_RETURN_TYPE = YES_ERROR;
				GCC_WARN_UNDECLARED_SELECTOR = YES;
				GCC_WARN_UNINITIALIZED_AUTOS = YES_AGGRESSIVE;
				GCC_WARN_UNUSED_FUNCTION = YES;
				GCC_WARN_UNUSED_VARIABLE = YES;
				IPHONEOS_DEPLOYMENT_TARGET = 8.0;
				METAL_ENABLE_DEBUG_INFO = NO;
				SDKROOT = iphoneos;
				TARGETED_DEVICE_FAMILY = "1,2";
				VALIDATE_PRODUCT = YES;
			};
			name = Release;
		};
		45F57C63194499B200E55543 /* Debug */ = {
			isa = XCBuildConfiguration;
			buildSettings = {
				ASSETCATALOG_COMPILER_APPICON_NAME = AppIcon;
				ASSETCATALOG_COMPILER_LAUNCHIMAGE_NAME = LaunchImage;
				CLANG_ENABLE_MODULES = YES;
				INFOPLIST_FILE = notes/Info.plist;
				LD_RUNPATH_SEARCH_PATHS = "$(inherited) @executable_path/Frameworks";
				PRODUCT_NAME = "$(TARGET_NAME)";
				SWIFT_OPTIMIZATION_LEVEL = "-Onone";
			};
			name = Debug;
		};
		45F57C64194499B200E55543 /* Release */ = {
			isa = XCBuildConfiguration;
			buildSettings = {
				ASSETCATALOG_COMPILER_APPICON_NAME = AppIcon;
				ASSETCATALOG_COMPILER_LAUNCHIMAGE_NAME = LaunchImage;
				CLANG_ENABLE_MODULES = YES;
				INFOPLIST_FILE = notes/Info.plist;
				LD_RUNPATH_SEARCH_PATHS = "$(inherited) @executable_path/Frameworks";
				PRODUCT_NAME = "$(TARGET_NAME)";
			};
			name = Release;
		};
		45F57C66194499B200E55543 /* Debug */ = {
			isa = XCBuildConfiguration;
			buildSettings = {
				BUNDLE_LOADER = "$(BUILT_PRODUCTS_DIR)/notes.app/notes";
				FRAMEWORK_SEARCH_PATHS = (
					"$(SDKROOT)/Developer/Library/Frameworks",
					"$(inherited)",
				);
				GCC_PREPROCESSOR_DEFINITIONS = (
					"DEBUG=1",
					"$(inherited)",
				);
				INFOPLIST_FILE = notesTests/Info.plist;
				LD_RUNPATH_SEARCH_PATHS = "$(inherited) @executable_path/Frameworks @loader_path/Frameworks";
				METAL_ENABLE_DEBUG_INFO = YES;
				PRODUCT_NAME = "$(TARGET_NAME)";
				TEST_HOST = "$(BUNDLE_LOADER)";
			};
			name = Debug;
		};
		45F57C67194499B200E55543 /* Release */ = {
			isa = XCBuildConfiguration;
			buildSettings = {
				BUNDLE_LOADER = "$(BUILT_PRODUCTS_DIR)/notes.app/notes";
				FRAMEWORK_SEARCH_PATHS = (
					"$(SDKROOT)/Developer/Library/Frameworks",
					"$(inherited)",
				);
				INFOPLIST_FILE = notesTests/Info.plist;
				LD_RUNPATH_SEARCH_PATHS = "$(inherited) @executable_path/Frameworks @loader_path/Frameworks";
				METAL_ENABLE_DEBUG_INFO = NO;
				PRODUCT_NAME = "$(TARGET_NAME)";
				TEST_HOST = "$(BUNDLE_LOADER)";
			};
			name = Release;
		};
/* End XCBuildConfiguration section */

/* Begin XCConfigurationList section */
		45F57C46194499B200E55543 /* Build configuration list for PBXProject "notes" */ = {
			isa = XCConfigurationList;
			buildConfigurations = (
				45F57C60194499B200E55543 /* Debug */,
				45F57C61194499B200E55543 /* Release */,
			);
			defaultConfigurationIsVisible = 0;
			defaultConfigurationName = Release;
		};
		45F57C62194499B200E55543 /* Build configuration list for PBXNativeTarget "notes" */ = {
			isa = XCConfigurationList;
			buildConfigurations = (
				45F57C63194499B200E55543 /* Debug */,
				45F57C64194499B200E55543 /* Release */,
			);
			defaultConfigurationIsVisible = 0;
			defaultConfigurationName = Release;
		};
		45F57C65194499B200E55543 /* Build configuration list for PBXNativeTarget "notesTests" */ = {
			isa = XCConfigurationList;
			buildConfigurations = (
				45F57C66194499B200E55543 /* Debug */,
				45F57C67194499B200E55543 /* Release */,
			);
			defaultConfigurationIsVisible = 0;
			defaultConfigurationName = Release;
		};
/* End XCConfigurationList section */
	};
	rootObject = 45F57C43194499B200E55543 /* Project object */;
}
